
Microsoft Visual Studio Solution File, Format Version 12.00
# Visual Studio 15
VisualStudioVersion = 15.0.27004.2010
MinimumVisualStudioVersion = 10.0.40219.1
Project("{FAE04EC0-301F-11D3-BF4B-00C04F79EFBC}") = "Lecture2", "Lecture2\Lecture2.csproj", "{7E4DB2E6-3853-4E52-B3F3-2EB0C149165B}"
EndProject
Global
	GlobalSection(SolutionConfigurationPlatforms) = preSolution
		Debug|Any CPU = Debug|Any CPU
		Release|Any CPU = Release|Any CPU
	EndGlobalSection
	GlobalSection(ProjectConfigurationPlatforms) = postSolution
		{7E4DB2E6-3853-4E52-B3F3-2EB0C149165B}.Debug|Any CPU.ActiveCfg = Debug|Any CPU
		{7E4DB2E6-3853-4E52-B3F3-2EB0C149165B}.Debug|Any CPU.Build.0 = Debug|Any CPU
		{7E4DB2E6-3853-4E52-B3F3-2EB0C149165B}.Release|Any CPU.ActiveCfg = Release|Any CPU
		{7E4DB2E6-3853-4E52-B3F3-2EB0C149165B}.Release|Any CPU.Build.0 = Release|Any CPU
	EndGlobalSection
	GlobalSection(SolutionProperties) = preSolution
		HideSolutionNode = FALSE
	EndGlobalSection
	GlobalSection(ExtensibilityGlobals) = postSolution
		SolutionGuid = {20962D6E-366A-45F0-A7C0-8999E10BEEA9}
	EndGlobalSection
EndGlobal
